
Microsoft Visual Studio Solution File, Format Version 12.00
# Visual Studio Version 16
VisualStudioVersion = 16.0.31205.134
MinimumVisualStudioVersion = 10.0.40219.1
Project("{9A19103F-16F7-4668-BE54-9A1E7A4F7556}") = "WebAPI", "WebAPI\WebAPI.csproj", "{39D86FE8-AE84-4C0A-86AA-5CE3F2CD126B}"
EndProject
Project("{FAE04EC0-301F-11D3-BF4B-00C04F79EFBC}") = "WebApplication", "WebApplication\WebApplication.csproj", "{7BC2C4F4-373A-4A4E-868B-7F193A709DA6}"
EndProject
Global
	GlobalSection(SolutionConfigurationPlatforms) = preSolution
		Debug|Any CPU = Debug|Any CPU
		Release|Any CPU = Release|Any CPU
	EndGlobalSection
	GlobalSection(ProjectConfigurationPlatforms) = postSolution
		{39D86FE8-AE84-4C0A-86AA-5CE3F2CD126B}.Debug|Any CPU.ActiveCfg = Debug|Any CPU
		{39D86FE8-AE84-4C0A-86AA-5CE3F2CD126B}.Debug|Any CPU.Build.0 = Debug|Any CPU
		{39D86FE8-AE84-4C0A-86AA-5CE3F2CD126B}.Release|Any CPU.ActiveCfg = Release|Any CPU
		{39D86FE8-AE84-4C0A-86AA-5CE3F2CD126B}.Release|Any CPU.Build.0 = Release|Any CPU
		{7BC2C4F4-373A-4A4E-868B-7F193A709DA6}.Debug|Any CPU.ActiveCfg = Debug|Any CPU
		{7BC2C4F4-373A-4A4E-868B-7F193A709DA6}.Debug|Any CPU.Build.0 = Debug|Any CPU
		{7BC2C4F4-373A-4A4E-868B-7F193A709DA6}.Release|Any CPU.ActiveCfg = Release|Any CPU
		{7BC2C4F4-373A-4A4E-868B-7F193A709DA6}.Release|Any CPU.Build.0 = Release|Any CPU
	EndGlobalSection
	GlobalSection(SolutionProperties) = preSolution
		HideSolutionNode = FALSE
	EndGlobalSection
	GlobalSection(ExtensibilityGlobals) = postSolution
		SolutionGuid = {1D2BF667-EF6A-40B9-9E64-4A0517CD2F4A}
	EndGlobalSection
EndGlobal
